// !$*UTF8*$!
{
	archiveVersion = 1;
	classes = {
	};
	objectVersion = 77;
	objects = {

/* Begin PBXBuildFile section */
		7D2D812E2F5597EC0048298D /* OpenClawKit in Frameworks */ = {isa = PBXBuildFile; productRef = 7D2D81332F5597EC0048298D /* OpenClawKit */; };
		7D2D812F2F5597EC0048298D /* skills in Resources */ = {isa = PBXBuildFile; fileRef = 7D2D81312F5597EC0048298D /* skills */; };
/* End PBXBuildFile section */

/* Begin PBXContainerItemProxy section */
		7D2D81122F5597EC0048298D /* PBXContainerItemProxy */ = {
			isa = PBXContainerItemProxy;
			containerPortal = 7D2D80FC2F5597EA0048298D /* Project object */;
			proxyType = 1;
			remoteGlobalIDString = 7D2D81032F5597EA0048298D;
			remoteInfo = OpenClawtvOS;
		};
		7D2D811C2F5597EC0048298D /* PBXContainerItemProxy */ = {
			isa = PBXContainerItemProxy;
			containerPortal = 7D2D80FC2F5597EA0048298D /* Project object */;
			proxyType = 1;
			remoteGlobalIDString = 7D2D81032F5597EA0048298D;
			remoteInfo = OpenClawtvOS;
		};
/* End PBXContainerItemProxy section */

/* Begin PBXFileReference section */
		7D2D81042F5597EA0048298D /* OpenClawtvOS.app */ = {isa = PBXFileReference; explicitFileType = wrapper.application; includeInIndex = 0; path = OpenClawtvOS.app; sourceTree = BUILT_PRODUCTS_DIR; };
		7D2D81112F5597EC0048298D /* OpenClawtvOSTests.xctest */ = {isa = PBXFileReference; explicitFileType = wrapper.cfbundle; includeInIndex = 0; path = OpenClawtvOSTests.xctest; sourceTree = BUILT_PRODUCTS_DIR; };
		7D2D811B2F5597EC0048298D /* OpenClawtvOSUITests.xctest */ = {isa = PBXFileReference; explicitFileType = wrapper.cfbundle; includeInIndex = 0; path = OpenClawtvOSUITests.xctest; sourceTree = BUILT_PRODUCTS_DIR; };
		7D2D81302F5597EC0048298D /* OpenClawKit */ = {isa = PBXFileReference; lastKnownFileType = wrapper; name = OpenClawKit; path = ../../..; sourceTree = "<group>"; };
		7D2D81312F5597EC0048298D /* skills */ = {isa = PBXFileReference; lastKnownFileType = folder; path = skills; sourceTree = "<group>"; };
/* End PBXFileReference section */

/* Begin PBXFileSystemSynchronizedRootGroup section */
		7D2D81062F5597EA0048298D /* OpenClawtvOS */ = {
			isa = PBXFileSystemSynchronizedRootGroup;
			path = OpenClawtvOS;
			sourceTree = "<group>";
		};
		7D2D81142F5597EC0048298D /* OpenClawtvOSTests */ = {
			isa = PBXFileSystemSynchronizedRootGroup;
			path = OpenClawtvOSTests;
			sourceTree = "<group>";
		};
		7D2D811E2F5597EC0048298D /* OpenClawtvOSUITests */ = {
			isa = PBXFileSystemSynchronizedRootGroup;
			path = OpenClawtvOSUITests;
			sourceTree = "<group>";
		};
/* End PBXFileSystemSynchronizedRootGroup section */

/* Begin PBXFrameworksBuildPhase section */
		7D2D81012F5597EA0048298D /* Frameworks */ = {
			isa = PBXFrameworksBuildPhase;
			buildActionMask = 2147483647;
			files = (
				7D2D812E2F5597EC0048298D /* OpenClawKit in Frameworks */,
			);
			runOnlyForDeploymentPostprocessing = 0;
		};
		7D2D810E2F5597EC0048298D /* Frameworks */ = {
			isa = PBXFrameworksBuildPhase;
			buildActionMask = 2147483647;
			files = (
			);
			runOnlyForDeploymentPostprocessing = 0;
		};
		7D2D81182F5597EC0048298D /* Frameworks */ = {
			isa = PBXFrameworksBuildPhase;
			buildActionMask = 2147483647;
			files = (
			);
			runOnlyForDeploymentPostprocessing = 0;
		};
/* End PBXFrameworksBuildPhase section */

/* Begin PBXGroup section */
		7D2D80FB2F5597EA0048298D = {
			isa = PBXGroup;
			children = (
				7D2D81062F5597EA0048298D /* OpenClawtvOS */,
				7D2D81142F5597EC0048298D /* OpenClawtvOSTests */,
				7D2D811E2F5597EC0048298D /* OpenClawtvOSUITests */,
				7D2D81312F5597EC0048298D /* skills */,
				7D2D81322F5597EC0048298D /* Frameworks */,
				7D2D81052F5597EA0048298D /* Products */,
			);
			sourceTree = "<group>";
		};
		7D2D81052F5597EA0048298D /* Products */ = {
			isa = PBXGroup;
			children = (
				7D2D81042F5597EA0048298D /* OpenClawtvOS.app */,
				7D2D81112F5597EC0048298D /* OpenClawtvOSTests.xctest */,
				7D2D811B2F5597EC0048298D /* OpenClawtvOSUITests.xctest */,
			);
			name = Products;
			sourceTree = "<group>";
		};
		7D2D81322F5597EC0048298D /* Frameworks */ = {
			isa = PBXGroup;
			children = (
				7D2D81302F5597EC0048298D /* OpenClawKit */,
			);
			name = Frameworks;
			sourceTree = "<group>";
		};
/* End PBXGroup section */

/* Begin PBXNativeTarget section */
		7D2D81032F5597EA0048298D /* OpenClawtvOS */ = {
			isa = PBXNativeTarget;
			buildConfigurationList = 7D2D81252F5597EC0048298D /* Build configuration list for PBXNativeTarget "OpenClawtvOS" */;
			buildPhases = (
				7D2D81002F5597EA0048298D /* Sources */,
				7D2D81012F5597EA0048298D /* Frameworks */,
				7D2D81022F5597EA0048298D /* Resources */,
			);
			buildRules = (
			);
			dependencies = (
			);
			fileSystemSynchronizedGroups = (
				7D2D81062F5597EA0048298D /* OpenClawtvOS */,
			);
			name = OpenClawtvOS;
			packageProductDependencies = (
				7D2D81332F5597EC0048298D /* OpenClawKit */,
			);
			productName = OpenClawtvOS;
			productReference = 7D2D81042F5597EA0048298D /* OpenClawtvOS.app */;
			productType = "com.apple.product-type.application";
		};
		7D2D81102F5597EC0048298D /* OpenClawtvOSTests */ = {
			isa = PBXNativeTarget;
			buildConfigurationList = 7D2D81282F5597EC0048298D /* Build configuration list for PBXNativeTarget "OpenClawtvOSTests" */;
			buildPhases = (
				7D2D810D2F5597EC0048298D /* Sources */,
				7D2D810E2F5597EC0048298D /* Frameworks */,
				7D2D810F2F5597EC0048298D /* Resources */,
			);
			buildRules = (
			);
			dependencies = (
				7D2D81132F5597EC0048298D /* PBXTargetDependency */,
			);
			fileSystemSynchronizedGroups = (
				7D2D81142F5597EC0048298D /* OpenClawtvOSTests */,
			);
			name = OpenClawtvOSTests;
			packageProductDependencies = (
			);
			productName = OpenClawtvOSTests;
			productReference = 7D2D81112F5597EC0048298D /* OpenClawtvOSTests.xctest */;
			productType = "com.apple.product-type.bundle.unit-test";
		};
		7D2D811A2F5597EC0048298D /* OpenClawtvOSUITests */ = {
			isa = PBXNativeTarget;
			buildConfigurationList = 7D2D812B2F5597EC0048298D /* Build configuration list for PBXNativeTarget "OpenClawtvOSUITests" */;
			buildPhases = (
				7D2D81172F5597EC0048298D /* Sources */,
				7D2D81182F5597EC0048298D /* Frameworks */,
				7D2D81192F5597EC0048298D /* Resources */,
			);
			buildRules = (
			);
			dependencies = (
				7D2D811D2F5597EC0048298D /* PBXTargetDependency */,
			);
			fileSystemSynchronizedGroups = (
				7D2D811E2F5597EC0048298D /* OpenClawtvOSUITests */,
			);
			name = OpenClawtvOSUITests;
			packageProductDependencies = (
			);
			productName = OpenClawtvOSUITests;
			productReference = 7D2D811B2F5597EC0048298D /* OpenClawtvOSUITests.xctest */;
			productType = "com.apple.product-type.bundle.ui-testing";
		};
/* End PBXNativeTarget section */

/* Begin PBXProject section */
		7D2D80FC2F5597EA0048298D /* Project object */ = {
			isa = PBXProject;
			attributes = {
				BuildIndependentTargetsInParallel = 1;
				LastSwiftUpdateCheck = 2630;
				LastUpgradeCheck = 2630;
				TargetAttributes = {
					7D2D81032F5597EA0048298D = {
						CreatedOnToolsVersion = 26.3;
					};
					7D2D81102F5597EC0048298D = {
						CreatedOnToolsVersion = 26.3;
						TestTargetID = 7D2D81032F5597EA0048298D;
					};
					7D2D811A2F5597EC0048298D = {
						CreatedOnToolsVersion = 26.3;
						TestTargetID = 7D2D81032F5597EA0048298D;
					};
				};
			};
			buildConfigurationList = 7D2D80FF2F5597EA0048298D /* Build configuration list for PBXProject "OpenClawtvOS" */;
			developmentRegion = en;
			hasScannedForEncodings = 0;
			knownRegions = (
				en,
				Base,
			);
			mainGroup = 7D2D80FB2F5597EA0048298D;
			minimizedProjectReferenceProxies = 1;
			packageReferences = (
				7D2D81342F5597EC0048298D /* XCLocalSwiftPackageReference "../../.." */,
			);
			preferredProjectObjectVersion = 77;
			productRefGroup = 7D2D81052F5597EA0048298D /* Products */;
			projectDirPath = "";
			projectRoot = "";
			targets = (
				7D2D81032F5597EA0048298D /* OpenClawtvOS */,
				7D2D81102F5597EC0048298D /* OpenClawtvOSTests */,
				7D2D811A2F5597EC0048298D /* OpenClawtvOSUITests */,
			);
		};
/* End PBXProject section */

/* Begin PBXResourcesBuildPhase section */
		7D2D81022F5597EA0048298D /* Resources */ = {
			isa = PBXResourcesBuildPhase;
			buildActionMask = 2147483647;
			files = (
				7D2D812F2F5597EC0048298D /* skills in Resources */,
			);
			runOnlyForDeploymentPostprocessing = 0;
		};
		7D2D810F2F5597EC0048298D /* Resources */ = {
			isa = PBXResourcesBuildPhase;
			buildActionMask = 2147483647;
			files = (
			);
			runOnlyForDeploymentPostprocessing = 0;
		};
		7D2D81192F5597EC0048298D /* Resources */ = {
			isa = PBXResourcesBuildPhase;
			buildActionMask = 2147483647;
			files = (
			);
			runOnlyForDeploymentPostprocessing = 0;
		};
/* End PBXResourcesBuildPhase section */

/* Begin PBXSourcesBuildPhase section */
		7D2D81002F5597EA0048298D /* Sources */ = {
			isa = PBXSourcesBuildPhase;
			buildActionMask = 2147483647;
			files = (
			);
			runOnlyForDeploymentPostprocessing = 0;
		};
		7D2D810D2F5597EC0048298D /* Sources */ = {
			isa = PBXSourcesBuildPhase;
			buildActionMask = 2147483647;
			files = (
			);
			runOnlyForDeploymentPostprocessing = 0;
		};
		7D2D81172F5597EC0048298D /* Sources */ = {
			isa = PBXSourcesBuildPhase;
			buildActionMask = 2147483647;
			files = (
			);
			runOnlyForDeploymentPostprocessing = 0;
		};
/* End PBXSourcesBuildPhase section */

/* Begin PBXTargetDependency section */
		7D2D81132F5597EC0048298D /* PBXTargetDependency */ = {
			isa = PBXTargetDependency;
			target = 7D2D81032F5597EA0048298D /* OpenClawtvOS */;
			targetProxy = 7D2D81122F5597EC0048298D /* PBXContainerItemProxy */;
		};
		7D2D811D2F5597EC0048298D /* PBXTargetDependency */ = {
			isa = PBXTargetDependency;
			target = 7D2D81032F5597EA0048298D /* OpenClawtvOS */;
			targetProxy = 7D2D811C2F5597EC0048298D /* PBXContainerItemProxy */;
		};
/* End PBXTargetDependency section */

/* Begin XCBuildConfiguration section */
		7D2D81232F5597EC0048298D /* Debug */ = {
			isa = XCBuildConfiguration;
			buildSettings = {
				ALWAYS_SEARCH_USER_PATHS = NO;
				ASSETCATALOG_COMPILER_GENERATE_SWIFT_ASSET_SYMBOL_EXTENSIONS = YES;
				CLANG_ANALYZER_NONNULL = YES;
				CLANG_ANALYZER_NUMBER_OBJECT_CONVERSION = YES_AGGRESSIVE;
				CLANG_CXX_LANGUAGE_STANDARD = "gnu++20";
				CLANG_ENABLE_MODULES = YES;
				CLANG_ENABLE_OBJC_ARC = YES;
				CLANG_ENABLE_OBJC_WEAK = YES;
				CLANG_WARN_BLOCK_CAPTURE_AUTORELEASING = YES;
				CLANG_WARN_BOOL_CONVERSION = YES;
				CLANG_WARN_COMMA = YES;
				CLANG_WARN_CONSTANT_CONVERSION = YES;
				CLANG_WARN_DEPRECATED_OBJC_IMPLEMENTATIONS = YES;
				CLANG_WARN_DIRECT_OBJC_ISA_USAGE = YES_ERROR;
				CLANG_WARN_DOCUMENTATION_COMMENTS = YES;
				CLANG_WARN_EMPTY_BODY = YES;
				CLANG_WARN_ENUM_CONVERSION = YES;
				CLANG_WARN_INFINITE_RECURSION = YES;
				CLANG_WARN_INT_CONVERSION = YES;
				CLANG_WARN_NON_LITERAL_NULL_CONVERSION = YES;
				CLANG_WARN_OBJC_IMPLICIT_RETAIN_SELF = YES;
				CLANG_WARN_OBJC_LITERAL_CONVERSION = YES;
				CLANG_WARN_OBJC_ROOT_CLASS = YES_ERROR;
				CLANG_WARN_QUOTED_INCLUDE_IN_FRAMEWORK_HEADER = YES;
				CLANG_WARN_RANGE_LOOP_ANALYSIS = YES;
				CLANG_WARN_STRICT_PROTOTYPES = YES;
				CLANG_WARN_SUSPICIOUS_MOVE = YES;
				CLANG_WARN_UNGUARDED_AVAILABILITY = YES_AGGRESSIVE;
				CLANG_WARN_UNREACHABLE_CODE = YES;
				CLANG_WARN__DUPLICATE_METHOD_MATCH = YES;
				COPY_PHASE_STRIP = NO;
				DEBUG_INFORMATION_FORMAT = dwarf;
				DEVELOPMENT_TEAM = 8GNE6ML5WX;
				ENABLE_STRICT_OBJC_MSGSEND = YES;
				ENABLE_TESTABILITY = YES;
				ENABLE_USER_SCRIPT_SANDBOXING = YES;
				GCC_C_LANGUAGE_STANDARD = gnu17;
				GCC_DYNAMIC_NO_PIC = NO;
				GCC_NO_COMMON_BLOCKS = YES;
				GCC_OPTIMIZATION_LEVEL = 0;
				GCC_PREPROCESSOR_DEFINITIONS = (
					"DEBUG=1",
					"$(inherited)",
				);
				GCC_WARN_64_TO_32_BIT_CONVERSION = YES;
				GCC_WARN_ABOUT_RETURN_TYPE = YES_ERROR;
				GCC_WARN_UNDECLARED_SELECTOR = YES;
				GCC_WARN_UNINITIALIZED_AUTOS = YES_AGGRESSIVE;
				GCC_WARN_UNUSED_FUNCTION = YES;
				GCC_WARN_UNUSED_VARIABLE = YES;
				LOCALIZATION_PREFERS_STRING_CATALOGS = YES;
				MTL_ENABLE_DEBUG_INFO = INCLUDE_SOURCE;
				MTL_FAST_MATH = YES;
				ONLY_ACTIVE_ARCH = YES;
				SDKROOT = appletvos;
				SWIFT_ACTIVE_COMPILATION_CONDITIONS = "DEBUG $(inherited)";
				SWIFT_OPTIMIZATION_LEVEL = "-Onone";
				TVOS_DEPLOYMENT_TARGET = 26.2;
			};
			name = Debug;
		};
		7D2D81242F5597EC0048298D /* Release */ = {
			isa = XCBuildConfiguration;
			buildSettings = {
				ALWAYS_SEARCH_USER_PATHS = NO;
				ASSETCATALOG_COMPILER_GENERATE_SWIFT_ASSET_SYMBOL_EXTENSIONS = YES;
				CLANG_ANALYZER_NONNULL = YES;
				CLANG_ANALYZER_NUMBER_OBJECT_CONVERSION = YES_AGGRESSIVE;
				CLANG_CXX_LANGUAGE_STANDARD = "gnu++20";
				CLANG_ENABLE_MODULES = YES;
				CLANG_ENABLE_OBJC_ARC = YES;
				CLANG_ENABLE_OBJC_WEAK = YES;
				CLANG_WARN_BLOCK_CAPTURE_AUTORELEASING = YES;
				CLANG_WARN_BOOL_CONVERSION = YES;
				CLANG_WARN_COMMA = YES;
				CLANG_WARN_CONSTANT_CONVERSION = YES;
				CLANG_WARN_DEPRECATED_OBJC_IMPLEMENTATIONS = YES;
				CLANG_WARN_DIRECT_OBJC_ISA_USAGE = YES_ERROR;
				CLANG_WARN_DOCUMENTATION_COMMENTS = YES;
				CLANG_WARN_EMPTY_BODY = YES;
				CLANG_WARN_ENUM_CONVERSION = YES;
				CLANG_WARN_INFINITE_RECURSION = YES;
				CLANG_WARN_INT_CONVERSION = YES;
				CLANG_WARN_NON_LITERAL_NULL_CONVERSION = YES;
				CLANG_WARN_OBJC_IMPLICIT_RETAIN_SELF = YES;
				CLANG_WARN_OBJC_LITERAL_CONVERSION = YES;
				CLANG_WARN_OBJC_ROOT_CLASS = YES_ERROR;
				CLANG_WARN_QUOTED_INCLUDE_IN_FRAMEWORK_HEADER = YES;
				CLANG_WARN_RANGE_LOOP_ANALYSIS = YES;
				CLANG_WARN_STRICT_PROTOTYPES = YES;
				CLANG_WARN_SUSPICIOUS_MOVE = YES;
				CLANG_WARN_UNGUARDED_AVAILABILITY = YES_AGGRESSIVE;
				CLANG_WARN_UNREACHABLE_CODE = YES;
				CLANG_WARN__DUPLICATE_METHOD_MATCH = YES;
				COPY_PHASE_STRIP = NO;
				DEBUG_INFORMATION_FORMAT = "dwarf-with-dsym";
				DEVELOPMENT_TEAM = 8GNE6ML5WX;
				ENABLE_NS_ASSERTIONS = NO;
				ENABLE_STRICT_OBJC_MSGSEND = YES;
				ENABLE_USER_SCRIPT_SANDBOXING = YES;
				GCC_C_LANGUAGE_STANDARD = gnu17;
				GCC_NO_COMMON_BLOCKS = YES;
				GCC_WARN_64_TO_32_BIT_CONVERSION = YES;
				GCC_WARN_ABOUT_RETURN_TYPE = YES_ERROR;
				GCC_WARN_UNDECLARED_SELECTOR = YES;
				GCC_WARN_UNINITIALIZED_AUTOS = YES_AGGRESSIVE;
				GCC_WARN_UNUSED_FUNCTION = YES;
				GCC_WARN_UNUSED_VARIABLE = YES;
				LOCALIZATION_PREFERS_STRING_CATALOGS = YES;
				MTL_ENABLE_DEBUG_INFO = NO;
				MTL_FAST_MATH = YES;
				SDKROOT = appletvos;
				SWIFT_COMPILATION_MODE = wholemodule;
				TVOS_DEPLOYMENT_TARGET = 26.2;
				VALIDATE_PRODUCT = YES;
			};
			name = Release;
		};
		7D2D81262F5597EC0048298D /* Debug */ = {
			isa = XCBuildConfiguration;
			buildSettings = {
				ASSETCATALOG_COMPILER_APPICON_NAME = "App Icon & Top Shelf Image";
				ASSETCATALOG_COMPILER_GLOBAL_ACCENT_COLOR_NAME = AccentColor;
				CODE_SIGN_STYLE = Automatic;
				CURRENT_PROJECT_VERSION = 1;
				DEVELOPMENT_TEAM = 8GNE6ML5WX;
				ENABLE_PREVIEWS = YES;
				GENERATE_INFOPLIST_FILE = YES;
				INFOPLIST_KEY_UILaunchScreen_Generation = YES;
				INFOPLIST_KEY_UIUserInterfaceStyle = Automatic;
				LD_RUNPATH_SEARCH_PATHS = (
					"$(inherited)",
					"@executable_path/Frameworks",
				);
				MARKETING_VERSION = 1.0;
				PRODUCT_BUNDLE_IDENTIFIER = io.marcodotio.OpenClawtvOS;
				PRODUCT_NAME = "$(TARGET_NAME)";
				STRING_CATALOG_GENERATE_SYMBOLS = YES;
				SWIFT_APPROACHABLE_CONCURRENCY = YES;
				SWIFT_DEFAULT_ACTOR_ISOLATION = MainActor;
				SWIFT_EMIT_LOC_STRINGS = YES;
				SWIFT_UPCOMING_FEATURE_MEMBER_IMPORT_VISIBILITY = YES;
				SWIFT_VERSION = 5.0;
				TARGETED_DEVICE_FAMILY = 3;
			};
			name = Debug;
		};
		7D2D81272F5597EC0048298D /* Release */ = {
			isa = XCBuildConfiguration;
			buildSettings = {
				ASSETCATALOG_COMPILER_APPICON_NAME = "App Icon & Top Shelf Image";
				ASSETCATALOG_COMPILER_GLOBAL_ACCENT_COLOR_NAME = AccentColor;
				CODE_SIGN_STYLE = Automatic;
				CURRENT_PROJECT_VERSION = 1;
				DEVELOPMENT_TEAM = 8GNE6ML5WX;
				ENABLE_PREVIEWS = YES;
				GENERATE_INFOPLIST_FILE = YES;
				INFOPLIST_KEY_UILaunchScreen_Generation = YES;
				INFOPLIST_KEY_UIUserInterfaceStyle = Automatic;
				LD_RUNPATH_SEARCH_PATHS = (
					"$(inherited)",
					"@executable_path/Frameworks",
				);
				MARKETING_VERSION = 1.0;
				PRODUCT_BUNDLE_IDENTIFIER = io.marcodotio.OpenClawtvOS;
				PRODUCT_NAME = "$(TARGET_NAME)";
				STRING_CATALOG_GENERATE_SYMBOLS = YES;
				SWIFT_APPROACHABLE_CONCURRENCY = YES;
				SWIFT_DEFAULT_ACTOR_ISOLATION = MainActor;
				SWIFT_EMIT_LOC_STRINGS = YES;
				SWIFT_UPCOMING_FEATURE_MEMBER_IMPORT_VISIBILITY = YES;
				SWIFT_VERSION = 5.0;
				TARGETED_DEVICE_FAMILY = 3;
			};
			name = Release;
		};
		7D2D81292F5597EC0048298D /* Debug */ = {
			isa = XCBuildConfiguration;
			buildSettings = {
				BUNDLE_LOADER = "$(TEST_HOST)";
				CODE_SIGN_STYLE = Automatic;
				CURRENT_PROJECT_VERSION = 1;
				DEVELOPMENT_TEAM = 8GNE6ML5WX;
				GENERATE_INFOPLIST_FILE = YES;
				MARKETING_VERSION = 1.0;
				PRODUCT_BUNDLE_IDENTIFIER = io.marcodotio.OpenClawtvOSTests;
				PRODUCT_NAME = "$(TARGET_NAME)";
				STRING_CATALOG_GENERATE_SYMBOLS = NO;
				SWIFT_APPROACHABLE_CONCURRENCY = YES;
				SWIFT_EMIT_LOC_STRINGS = NO;
				SWIFT_UPCOMING_FEATURE_MEMBER_IMPORT_VISIBILITY = YES;
				SWIFT_VERSION = 5.0;
				TARGETED_DEVICE_FAMILY = 3;
				TEST_HOST = "$(BUILT_PRODUCTS_DIR)/OpenClawtvOS.app/$(BUNDLE_EXECUTABLE_FOLDER_PATH)/OpenClawtvOS";
				TVOS_DEPLOYMENT_TARGET = 26.2;
			};
			name = Debug;
		};
		7D2D812A2F5597EC0048298D /* Release */ = {
			isa = XCBuildConfiguration;
			buildSettings = {
				BUNDLE_LOADER = "$(TEST_HOST)";
				CODE_SIGN_STYLE = Automatic;
				CURRENT_PROJECT_VERSION = 1;
				DEVELOPMENT_TEAM = 8GNE6ML5WX;
				GENERATE_INFOPLIST_FILE = YES;
				MARKETING_VERSION = 1.0;
				PRODUCT_BUNDLE_IDENTIFIER = io.marcodotio.OpenClawtvOSTests;
				PRODUCT_NAME = "$(TARGET_NAME)";
				STRING_CATALOG_GENERATE_SYMBOLS = NO;
				SWIFT_APPROACHABLE_CONCURRENCY = YES;
				SWIFT_EMIT_LOC_STRINGS = NO;
				SWIFT_UPCOMING_FEATURE_MEMBER_IMPORT_VISIBILITY = YES;
				SWIFT_VERSION = 5.0;
				TARGETED_DEVICE_FAMILY = 3;
				TEST_HOST = "$(BUILT_PRODUCTS_DIR)/OpenClawtvOS.app/$(BUNDLE_EXECUTABLE_FOLDER_PATH)/OpenClawtvOS";
				TVOS_DEPLOYMENT_TARGET = 26.2;
			};
			name = Release;
		};
		7D2D812C2F5597EC0048298D /* Debug */ = {
			isa = XCBuildConfiguration;
			buildSettings = {
				CODE_SIGN_STYLE = Automatic;
				CURRENT_PROJECT_VERSION = 1;
				DEVELOPMENT_TEAM = 8GNE6ML5WX;
				GENERATE_INFOPLIST_FILE = YES;
				MARKETING_VERSION = 1.0;
				PRODUCT_BUNDLE_IDENTIFIER = io.marcodotio.OpenClawtvOSUITests;
				PRODUCT_NAME = "$(TARGET_NAME)";
				STRING_CATALOG_GENERATE_SYMBOLS = NO;
				SWIFT_APPROACHABLE_CONCURRENCY = YES;
				SWIFT_EMIT_LOC_STRINGS = NO;
				SWIFT_UPCOMING_FEATURE_MEMBER_IMPORT_VISIBILITY = YES;
				SWIFT_VERSION = 5.0;
				TARGETED_DEVICE_FAMILY = 3;
				TEST_TARGET_NAME = OpenClawtvOS;
			};
			name = Debug;
		};
		7D2D812D2F5597EC0048298D /* Release */ = {
			isa = XCBuildConfiguration;
			buildSettings = {
				CODE_SIGN_STYLE = Automatic;
				CURRENT_PROJECT_VERSION = 1;
				DEVELOPMENT_TEAM = 8GNE6ML5WX;
				GENERATE_INFOPLIST_FILE = YES;
				MARKETING_VERSION = 1.0;
				PRODUCT_BUNDLE_IDENTIFIER = io.marcodotio.OpenClawtvOSUITests;
				PRODUCT_NAME = "$(TARGET_NAME)";
				STRING_CATALOG_GENERATE_SYMBOLS = NO;
				SWIFT_APPROACHABLE_CONCURRENCY = YES;
				SWIFT_EMIT_LOC_STRINGS = NO;
				SWIFT_UPCOMING_FEATURE_MEMBER_IMPORT_VISIBILITY = YES;
				SWIFT_VERSION = 5.0;
				TARGETED_DEVICE_FAMILY = 3;
				TEST_TARGET_NAME = OpenClawtvOS;
			};
			name = Release;
		};
/* End XCBuildConfiguration section */

/* Begin XCConfigurationList section */
		7D2D80FF2F5597EA0048298D /* Build configuration list for PBXProject "OpenClawtvOS" */ = {
			isa = XCConfigurationList;
			buildConfigurations = (
				7D2D81232F5597EC0048298D /* Debug */,
				7D2D81242F5597EC0048298D /* Release */,
			);
			defaultConfigurationIsVisible = 0;
			defaultConfigurationName = Release;
		};
		7D2D81252F5597EC0048298D /* Build configuration list for PBXNativeTarget "OpenClawtvOS" */ = {
			isa = XCConfigurationList;
			buildConfigurations = (
				7D2D81262F5597EC0048298D /* Debug */,
				7D2D81272F5597EC0048298D /* Release */,
			);
			defaultConfigurationIsVisible = 0;
			defaultConfigurationName = Release;
		};
		7D2D81282F5597EC0048298D /* Build configuration list for PBXNativeTarget "OpenClawtvOSTests" */ = {
			isa = XCConfigurationList;
			buildConfigurations = (
				7D2D81292F5597EC0048298D /* Debug */,
				7D2D812A2F5597EC0048298D /* Release */,
			);
			defaultConfigurationIsVisible = 0;
			defaultConfigurationName = Release;
		};
		7D2D812B2F5597EC0048298D /* Build configuration list for PBXNativeTarget "OpenClawtvOSUITests" */ = {
			isa = XCConfigurationList;
			buildConfigurations = (
				7D2D812C2F5597EC0048298D /* Debug */,
				7D2D812D2F5597EC0048298D /* Release */,
			);
			defaultConfigurationIsVisible = 0;
			defaultConfigurationName = Release;
		};
/* End XCConfigurationList section */

/* Begin XCLocalSwiftPackageReference section */
		7D2D81342F5597EC0048298D /* XCLocalSwiftPackageReference "../../.." */ = {
			isa = XCLocalSwiftPackageReference;
			relativePath = ../../..;
		};
/* End XCLocalSwiftPackageReference section */

/* Begin XCSwiftPackageProductDependency section */
		7D2D81332F5597EC0048298D /* OpenClawKit */ = {
			isa = XCSwiftPackageProductDependency;
			package = 7D2D81342F5597EC0048298D /* XCLocalSwiftPackageReference "../../.." */;
			productName = OpenClawKit;
		};
/* End XCSwiftPackageProductDependency section */
	};
	rootObject = 7D2D80FC2F5597EA0048298D /* Project object */;
}
